// !$*UTF8*$!
{
	archiveVersion = 1;
	classes = {
	};
	objectVersion = 50;
	objects = {

/* Begin PBXBuildFile section */
		90CB6AE2229C1A76006B4602 /* AppDelegate.swift in Sources */ = {isa = PBXBuildFile; fileRef = 90CB6AE1229C1A76006B4602 /* AppDelegate.swift */; };
		90CB6AE9229C1A78006B4602 /* Assets.xcassets in Resources */ = {isa = PBXBuildFile; fileRef = 90CB6AE8229C1A78006B4602 /* Assets.xcassets */; };
		90CB6AEC229C1A78006B4602 /* LaunchScreen.storyboard in Resources */ = {isa = PBXBuildFile; fileRef = 90CB6AEA229C1A78006B4602 /* LaunchScreen.storyboard */; };
		90CB6B2D229C264E006B4602 /* RedditPicsModel.swift in Sources */ = {isa = PBXBuildFile; fileRef = 90CB6B2C229C264E006B4602 /* RedditPicsModel.swift */; };
		90CB6B2F229C267E006B4602 /* RedditPicsUtility.swift in Sources */ = {isa = PBXBuildFile; fileRef = 90CB6B2E229C267E006B4602 /* RedditPicsUtility.swift */; };
		90CB6B31229C26A9006B4602 /* RedditPicsViewController.swift in Sources */ = {isa = PBXBuildFile; fileRef = 90CB6B30229C26A9006B4602 /* RedditPicsViewController.swift */; };
		90CB6B33229C26B9006B4602 /* RedditPicsContracts.swift in Sources */ = {isa = PBXBuildFile; fileRef = 90CB6B32229C26B9006B4602 /* RedditPicsContracts.swift */; };
		90CB6B35229C26EE006B4602 /* RedditPicsViewModel.swift in Sources */ = {isa = PBXBuildFile; fileRef = 90CB6B34229C26EE006B4602 /* RedditPicsViewModel.swift */; };
		90CB6B37229C2705006B4602 /* RedditPicsView.swift in Sources */ = {isa = PBXBuildFile; fileRef = 90CB6B36229C2705006B4602 /* RedditPicsView.swift */; };
		90CB6B3A229C2DDD006B4602 /* NetworkingWebService.swift in Sources */ = {isa = PBXBuildFile; fileRef = 90CB6B39229C2DDD006B4602 /* NetworkingWebService.swift */; };
		90CB6B3E229C3260006B4602 /* RedditConstants.swift in Sources */ = {isa = PBXBuildFile; fileRef = 90CB6B3D229C3260006B4602 /* RedditConstants.swift */; };
		90CB6B40229C334B006B4602 /* EndPoint.swift in Sources */ = {isa = PBXBuildFile; fileRef = 90CB6B3F229C334B006B4602 /* EndPoint.swift */; };
		90CB6B45229C33FB006B4602 /* NetworkingContracts.swift in Sources */ = {isa = PBXBuildFile; fileRef = 90CB6B44229C33FB006B4602 /* NetworkingContracts.swift */; };
		90CB6B48229C3C4A006B4602 /* RedditBaseInteractor.swift in Sources */ = {isa = PBXBuildFile; fileRef = 90CB6B47229C3C4A006B4602 /* RedditBaseInteractor.swift */; };
		90CB6B4B229C3D06006B4602 /* RedditInteractor+Controller+ViewModel.swift in Sources */ = {isa = PBXBuildFile; fileRef = 90CB6B4A229C3D06006B4602 /* RedditInteractor+Controller+ViewModel.swift */; };
		90CB6B4E229C3F2C006B4602 /* RedditPicsEntity.swift in Sources */ = {isa = PBXBuildFile; fileRef = 90CB6B4D229C3F2C006B4602 /* RedditPicsEntity.swift */; };
		90CB6B50229C45D9006B4602 /* CustomNavigationController.swift in Sources */ = {isa = PBXBuildFile; fileRef = 90CB6B4F229C45D9006B4602 /* CustomNavigationController.swift */; };
		90CB6B52229C4D50006B4602 /* RedditPicsViewController+UI.swift in Sources */ = {isa = PBXBuildFile; fileRef = 90CB6B51229C4D50006B4602 /* RedditPicsViewController+UI.swift */; };
		90CB6B54229C4DF0006B4602 /* RedditPicsCollectionViewCell.swift in Sources */ = {isa = PBXBuildFile; fileRef = 90CB6B53229C4DF0006B4602 /* RedditPicsCollectionViewCell.swift */; };
		90CB6B56229C4E4F006B4602 /* RedditPicsViewController+CollectionView.swift in Sources */ = {isa = PBXBuildFile; fileRef = 90CB6B55229C4E4F006B4602 /* RedditPicsViewController+CollectionView.swift */; };
/* End PBXBuildFile section */

/* Begin PBXFileReference section */
		90CB6ADE229C1A76006B4602 /* RedditPics.app */ = {isa = PBXFileReference; explicitFileType = wrapper.application; includeInIndex = 0; path = RedditPics.app; sourceTree = BUILT_PRODUCTS_DIR; };
		90CB6AE1229C1A76006B4602 /* AppDelegate.swift */ = {isa = PBXFileReference; lastKnownFileType = sourcecode.swift; path = AppDelegate.swift; sourceTree = "<group>"; };
		90CB6AE8229C1A78006B4602 /* Assets.xcassets */ = {isa = PBXFileReference; lastKnownFileType = folder.assetcatalog; path = Assets.xcassets; sourceTree = "<group>"; };
		90CB6AEB229C1A78006B4602 /* Base */ = {isa = PBXFileReference; lastKnownFileType = file.storyboard; name = Base; path = Base.lproj/LaunchScreen.storyboard; sourceTree = "<group>"; };
		90CB6AED229C1A78006B4602 /* Info.plist */ = {isa = PBXFileReference; lastKnownFileType = text.plist.xml; path = Info.plist; sourceTree = "<group>"; };
		90CB6B2C229C264E006B4602 /* RedditPicsModel.swift */ = {isa = PBXFileReference; lastKnownFileType = sourcecode.swift; path = RedditPicsModel.swift; sourceTree = "<group>"; };
		90CB6B2E229C267E006B4602 /* RedditPicsUtility.swift */ = {isa = PBXFileReference; lastKnownFileType = sourcecode.swift; path = RedditPicsUtility.swift; sourceTree = "<group>"; };
		90CB6B30229C26A9006B4602 /* RedditPicsViewController.swift */ = {isa = PBXFileReference; lastKnownFileType = sourcecode.swift; path = RedditPicsViewController.swift; sourceTree = "<group>"; };
		90CB6B32229C26B9006B4602 /* RedditPicsContracts.swift */ = {isa = PBXFileReference; lastKnownFileType = sourcecode.swift; path = RedditPicsContracts.swift; sourceTree = "<group>"; };
		90CB6B34229C26EE006B4602 /* RedditPicsViewModel.swift */ = {isa = PBXFileReference; lastKnownFileType = sourcecode.swift; path = RedditPicsViewModel.swift; sourceTree = "<group>"; };
		90CB6B36229C2705006B4602 /* RedditPicsView.swift */ = {isa = PBXFileReference; lastKnownFileType = sourcecode.swift; path = RedditPicsView.swift; sourceTree = "<group>"; };
		90CB6B39229C2DDD006B4602 /* NetworkingWebService.swift */ = {isa = PBXFileReference; lastKnownFileType = sourcecode.swift; path = NetworkingWebService.swift; sourceTree = "<group>"; };
		90CB6B3D229C3260006B4602 /* RedditConstants.swift */ = {isa = PBXFileReference; lastKnownFileType = sourcecode.swift; path = RedditConstants.swift; sourceTree = "<group>"; };
		90CB6B3F229C334B006B4602 /* EndPoint.swift */ = {isa = PBXFileReference; lastKnownFileType = sourcecode.swift; path = EndPoint.swift; sourceTree = "<group>"; };
		90CB6B44229C33FB006B4602 /* NetworkingContracts.swift */ = {isa = PBXFileReference; lastKnownFileType = sourcecode.swift; path = NetworkingContracts.swift; sourceTree = "<group>"; };
		90CB6B47229C3C4A006B4602 /* RedditBaseInteractor.swift */ = {isa = PBXFileReference; lastKnownFileType = sourcecode.swift; path = RedditBaseInteractor.swift; sourceTree = "<group>"; };
		90CB6B4A229C3D06006B4602 /* RedditInteractor+Controller+ViewModel.swift */ = {isa = PBXFileReference; lastKnownFileType = sourcecode.swift; path = "RedditInteractor+Controller+ViewModel.swift"; sourceTree = "<group>"; };
		90CB6B4D229C3F2C006B4602 /* RedditPicsEntity.swift */ = {isa = PBXFileReference; lastKnownFileType = sourcecode.swift; path = RedditPicsEntity.swift; sourceTree = "<group>"; };
		90CB6B4F229C45D9006B4602 /* CustomNavigationController.swift */ = {isa = PBXFileReference; lastKnownFileType = sourcecode.swift; path = CustomNavigationController.swift; sourceTree = "<group>"; };
		90CB6B51229C4D50006B4602 /* RedditPicsViewController+UI.swift */ = {isa = PBXFileReference; lastKnownFileType = sourcecode.swift; path = "RedditPicsViewController+UI.swift"; sourceTree = "<group>"; };
		90CB6B53229C4DF0006B4602 /* RedditPicsCollectionViewCell.swift */ = {isa = PBXFileReference; lastKnownFileType = sourcecode.swift; path = RedditPicsCollectionViewCell.swift; sourceTree = "<group>"; };
		90CB6B55229C4E4F006B4602 /* RedditPicsViewController+CollectionView.swift */ = {isa = PBXFileReference; lastKnownFileType = sourcecode.swift; path = "RedditPicsViewController+CollectionView.swift"; sourceTree = "<group>"; };
/* End PBXFileReference section */

/* Begin PBXFrameworksBuildPhase section */
		90CB6ADB229C1A76006B4602 /* Frameworks */ = {
			isa = PBXFrameworksBuildPhase;
			buildActionMask = 2147483647;
			files = (
			);
			runOnlyForDeploymentPostprocessing = 0;
		};
/* End PBXFrameworksBuildPhase section */

/* Begin PBXGroup section */
		90CB6AD5229C1A76006B4602 = {
			isa = PBXGroup;
			children = (
				90CB6AE0229C1A76006B4602 /* RedditPics */,
				90CB6ADF229C1A76006B4602 /* Products */,
			);
			sourceTree = "<group>";
		};
		90CB6ADF229C1A76006B4602 /* Products */ = {
			isa = PBXGroup;
			children = (
				90CB6ADE229C1A76006B4602 /* RedditPics.app */,
			);
			name = Products;
			sourceTree = "<group>";
		};
		90CB6AE0229C1A76006B4602 /* RedditPics */ = {
			isa = PBXGroup;
			children = (
				90CB6B24229C240A006B4602 /* Resources */,
				90CB6B23229C23CD006B4602 /* Support */,
				90CB6B22229C23AC006B4602 /* Storyboards */,
				90CB6B20229C2374006B4602 /* Classes */,
			);
			path = RedditPics;
			sourceTree = "<group>";
		};
		90CB6B20229C2374006B4602 /* Classes */ = {
			isa = PBXGroup;
			children = (
				90CB6B3B229C3218006B4602 /* Common */,
				90CB6B21229C2384006B4602 /* Application */,
				90CB6B28229C2564006B4602 /* Module */,
			);
			path = Classes;
			sourceTree = "<group>";
		};
		90CB6B21229C2384006B4602 /* Application */ = {
			isa = PBXGroup;
			children = (
				90CB6AE1229C1A76006B4602 /* AppDelegate.swift */,
			);
			path = Application;
			sourceTree = "<group>";
		};
		90CB6B22229C23AC006B4602 /* Storyboards */ = {
			isa = PBXGroup;
			children = (
				90CB6AEA229C1A78006B4602 /* LaunchScreen.storyboard */,
			);
			path = Storyboards;
			sourceTree = "<group>";
		};
		90CB6B23229C23CD006B4602 /* Support */ = {
			isa = PBXGroup;
			children = (
				90CB6AED229C1A78006B4602 /* Info.plist */,
			);
			path = Support;
			sourceTree = "<group>";
		};
		90CB6B24229C240A006B4602 /* Resources */ = {
			isa = PBXGroup;
			children = (
				90CB6AE8229C1A78006B4602 /* Assets.xcassets */,
			);
			path = Resources;
			sourceTree = "<group>";
		};
		90CB6B25229C2434006B4602 /* Models */ = {
			isa = PBXGroup;
			children = (
				90CB6B2C229C264E006B4602 /* RedditPicsModel.swift */,
			);
			path = Models;
			sourceTree = "<group>";
		};
		90CB6B26229C2478006B4602 /* Contracts */ = {
			isa = PBXGroup;
			children = (
				90CB6B32229C26B9006B4602 /* RedditPicsContracts.swift */,
			);
			path = Contracts;
			sourceTree = "<group>";
		};
		90CB6B27229C2515006B4602 /* Controllers */ = {
			isa = PBXGroup;
			children = (
				90CB6B30229C26A9006B4602 /* RedditPicsViewController.swift */,
				90CB6B51229C4D50006B4602 /* RedditPicsViewController+UI.swift */,
				90CB6B55229C4E4F006B4602 /* RedditPicsViewController+CollectionView.swift */,
			);
			path = Controllers;
			sourceTree = "<group>";
		};
		90CB6B28229C2564006B4602 /* Module */ = {
			isa = PBXGroup;
			children = (
				90CB6B4C229C3F19006B4602 /* Entity */,
				90CB6B49229C3CA4006B4602 /* Interactor */,
				90CB6B2A229C25EA006B4602 /* ViewModels */,
				90CB6B29229C2577006B4602 /* Views */,
				90CB6B26229C2478006B4602 /* Contracts */,
				90CB6B27229C2515006B4602 /* Controllers */,
			);
			path = Module;
			sourceTree = "<group>";
		};
		90CB6B29229C2577006B4602 /* Views */ = {
			isa = PBXGroup;
			children = (
				90CB6B36229C2705006B4602 /* RedditPicsView.swift */,
				90CB6B53229C4DF0006B4602 /* RedditPicsCollectionViewCell.swift */,
			);
			path = Views;
			sourceTree = "<group>";
		};
		90CB6B2A229C25EA006B4602 /* ViewModels */ = {
			isa = PBXGroup;
			children = (
				90CB6B34229C26EE006B4602 /* RedditPicsViewModel.swift */,
			);
			path = ViewModels;
			sourceTree = "<group>";
		};
		90CB6B2B229C2630006B4602 /* Utility */ = {
			isa = PBXGroup;
			children = (
				90CB6B2E229C267E006B4602 /* RedditPicsUtility.swift */,
				90CB6B4F229C45D9006B4602 /* CustomNavigationController.swift */,
			);
			path = Utility;
			sourceTree = "<group>";
		};
		90CB6B38229C2DBE006B4602 /* Networking */ = {
			isa = PBXGroup;
			children = (
				90CB6B43229C33E2006B4602 /* Contracts */,
				90CB6B42229C33C8006B4602 /* EndPoint */,
				90CB6B41229C33BC006B4602 /* WebServiceManager */,
			);
			path = Networking;
			sourceTree = "<group>";
		};
		90CB6B3B229C3218006B4602 /* Common */ = {
			isa = PBXGroup;
			children = (
				90CB6B46229C3C39006B4602 /* Interactor */,
				90CB6B38229C2DBE006B4602 /* Networking */,
				90CB6B3C229C322E006B4602 /* Constants */,
				90CB6B2B229C2630006B4602 /* Utility */,
				90CB6B25229C2434006B4602 /* Models */,
			);
			path = Common;
			sourceTree = "<group>";
		};
		90CB6B3C229C322E006B4602 /* Constants */ = {
			isa = PBXGroup;
			children = (
				90CB6B3D229C3260006B4602 /* RedditConstants.swift */,
			);
			path = Constants;
			sourceTree = "<group>";
		};
		90CB6B41229C33BC006B4602 /* WebServiceManager */ = {
			isa = PBXGroup;
			children = (
				90CB6B39229C2DDD006B4602 /* NetworkingWebService.swift */,
			);
			path = WebServiceManager;
			sourceTree = "<group>";
		};
		90CB6B42229C33C8006B4602 /* EndPoint */ = {
			isa = PBXGroup;
			children = (
				90CB6B3F229C334B006B4602 /* EndPoint.swift */,
			);
			path = EndPoint;
			sourceTree = "<group>";
		};
		90CB6B43229C33E2006B4602 /* Contracts */ = {
			isa = PBXGroup;
			children = (
				90CB6B44229C33FB006B4602 /* NetworkingContracts.swift */,
			);
			path = Contracts;
			sourceTree = "<group>";
		};
		90CB6B46229C3C39006B4602 /* Interactor */ = {
			isa = PBXGroup;
			children = (
				90CB6B47229C3C4A006B4602 /* RedditBaseInteractor.swift */,
			);
			path = Interactor;
			sourceTree = "<group>";
		};
		90CB6B49229C3CA4006B4602 /* Interactor */ = {
			isa = PBXGroup;
			children = (
				90CB6B4A229C3D06006B4602 /* RedditInteractor+Controller+ViewModel.swift */,
			);
			path = Interactor;
			sourceTree = "<group>";
		};
		90CB6B4C229C3F19006B4602 /* Entity */ = {
			isa = PBXGroup;
			children = (
				90CB6B4D229C3F2C006B4602 /* RedditPicsEntity.swift */,
			);
			path = Entity;
			sourceTree = "<group>";
		};
/* End PBXGroup section */

/* Begin PBXNativeTarget section */
		90CB6ADD229C1A76006B4602 /* RedditPics */ = {
			isa = PBXNativeTarget;
			buildConfigurationList = 90CB6AF0229C1A78006B4602 /* Build configuration list for PBXNativeTarget "RedditPics" */;
			buildPhases = (
				90CB6ADA229C1A76006B4602 /* Sources */,
				90CB6ADB229C1A76006B4602 /* Frameworks */,
				90CB6ADC229C1A76006B4602 /* Resources */,
			);
			buildRules = (
			);
			dependencies = (
			);
			name = RedditPics;
			productName = RedditPics;
			productReference = 90CB6ADE229C1A76006B4602 /* RedditPics.app */;
			productType = "com.apple.product-type.application";
		};
/* End PBXNativeTarget section */

/* Begin PBXProject section */
		90CB6AD6229C1A76006B4602 /* Project object */ = {
			isa = PBXProject;
			attributes = {
				LastSwiftUpdateCheck = 1020;
				LastUpgradeCheck = 1020;
				ORGANIZATIONNAME = "Banerjee,Subhodip";
				TargetAttributes = {
					90CB6ADD229C1A76006B4602 = {
						CreatedOnToolsVersion = 10.2.1;
					};
				};
			};
			buildConfigurationList = 90CB6AD9229C1A76006B4602 /* Build configuration list for PBXProject "RedditPics" */;
			compatibilityVersion = "Xcode 9.3";
			developmentRegion = en;
			hasScannedForEncodings = 0;
			knownRegions = (
				en,
				Base,
			);
			mainGroup = 90CB6AD5229C1A76006B4602;
			productRefGroup = 90CB6ADF229C1A76006B4602 /* Products */;
			projectDirPath = "";
			projectRoot = "";
			targets = (
				90CB6ADD229C1A76006B4602 /* RedditPics */,
			);
		};
/* End PBXProject section */

/* Begin PBXResourcesBuildPhase section */
		90CB6ADC229C1A76006B4602 /* Resources */ = {
			isa = PBXResourcesBuildPhase;
			buildActionMask = 2147483647;
			files = (
				90CB6AEC229C1A78006B4602 /* LaunchScreen.storyboard in Resources */,
				90CB6AE9229C1A78006B4602 /* Assets.xcassets in Resources */,
			);
			runOnlyForDeploymentPostprocessing = 0;
		};
/* End PBXResourcesBuildPhase section */

/* Begin PBXSourcesBuildPhase section */
		90CB6ADA229C1A76006B4602 /* Sources */ = {
			isa = PBXSourcesBuildPhase;
			buildActionMask = 2147483647;
			files = (
				90CB6B2D229C264E006B4602 /* RedditPicsModel.swift in Sources */,
				90CB6B35229C26EE006B4602 /* RedditPicsViewModel.swift in Sources */,
				90CB6B40229C334B006B4602 /* EndPoint.swift in Sources */,
				90CB6B33229C26B9006B4602 /* RedditPicsContracts.swift in Sources */,
				90CB6B2F229C267E006B4602 /* RedditPicsUtility.swift in Sources */,
				90CB6B3A229C2DDD006B4602 /* NetworkingWebService.swift in Sources */,
				90CB6B56229C4E4F006B4602 /* RedditPicsViewController+CollectionView.swift in Sources */,
				90CB6B50229C45D9006B4602 /* CustomNavigationController.swift in Sources */,
				90CB6B54229C4DF0006B4602 /* RedditPicsCollectionViewCell.swift in Sources */,
				90CB6AE2229C1A76006B4602 /* AppDelegate.swift in Sources */,
				90CB6B37229C2705006B4602 /* RedditPicsView.swift in Sources */,
				90CB6B31229C26A9006B4602 /* RedditPicsViewController.swift in Sources */,
				90CB6B4E229C3F2C006B4602 /* RedditPicsEntity.swift in Sources */,
				90CB6B45229C33FB006B4602 /* NetworkingContracts.swift in Sources */,
				90CB6B3E229C3260006B4602 /* RedditConstants.swift in Sources */,
				90CB6B52229C4D50006B4602 /* RedditPicsViewController+UI.swift in Sources */,
				90CB6B4B229C3D06006B4602 /* RedditInteractor+Controller+ViewModel.swift in Sources */,
				90CB6B48229C3C4A006B4602 /* RedditBaseInteractor.swift in Sources */,
			);
			runOnlyForDeploymentPostprocessing = 0;
		};
/* End PBXSourcesBuildPhase section */

/* Begin PBXVariantGroup section */
		90CB6AEA229C1A78006B4602 /* LaunchScreen.storyboard */ = {
			isa = PBXVariantGroup;
			children = (
				90CB6AEB229C1A78006B4602 /* Base */,
			);
			name = LaunchScreen.storyboard;
			sourceTree = "<group>";
		};
/* End PBXVariantGroup section */

/* Begin XCBuildConfiguration section */
		90CB6AEE229C1A78006B4602 /* Debug */ = {
			isa = XCBuildConfiguration;
			buildSettings = {
				ALWAYS_SEARCH_USER_PATHS = NO;
				CLANG_ANALYZER_NONNULL = YES;
				CLANG_ANALYZER_NUMBER_OBJECT_CONVERSION = YES_AGGRESSIVE;
				CLANG_CXX_LANGUAGE_STANDARD = "gnu++14";
				CLANG_CXX_LIBRARY = "libc++";
				CLANG_ENABLE_MODULES = YES;
				CLANG_ENABLE_OBJC_ARC = YES;
				CLANG_ENABLE_OBJC_WEAK = YES;
				CLANG_WARN_BLOCK_CAPTURE_AUTORELEASING = YES;
				CLANG_WARN_BOOL_CONVERSION = YES;
				CLANG_WARN_COMMA = YES;
				CLANG_WARN_CONSTANT_CONVERSION = YES;
				CLANG_WARN_DEPRECATED_OBJC_IMPLEMENTATIONS = YES;
				CLANG_WARN_DIRECT_OBJC_ISA_USAGE = YES_ERROR;
				CLANG_WARN_DOCUMENTATION_COMMENTS = YES;
				CLANG_WARN_EMPTY_BODY = YES;
				CLANG_WARN_ENUM_CONVERSION = YES;
				CLANG_WARN_INFINITE_RECURSION = YES;
				CLANG_WARN_INT_CONVERSION = YES;
				CLANG_WARN_NON_LITERAL_NULL_CONVERSION = YES;
				CLANG_WARN_OBJC_IMPLICIT_RETAIN_SELF = YES;
				CLANG_WARN_OBJC_LITERAL_CONVERSION = YES;
				CLANG_WARN_OBJC_ROOT_CLASS = YES_ERROR;
				CLANG_WARN_RANGE_LOOP_ANALYSIS = YES;
				CLANG_WARN_STRICT_PROTOTYPES = YES;
				CLANG_WARN_SUSPICIOUS_MOVE = YES;
				CLANG_WARN_UNGUARDED_AVAILABILITY = YES_AGGRESSIVE;
				CLANG_WARN_UNREACHABLE_CODE = YES;
				CLANG_WARN__DUPLICATE_METHOD_MATCH = YES;
				CODE_SIGN_IDENTITY = "iPhone Developer";
				COPY_PHASE_STRIP = NO;
				DEBUG_INFORMATION_FORMAT = dwarf;
				ENABLE_STRICT_OBJC_MSGSEND = YES;
				ENABLE_TESTABILITY = YES;
				GCC_C_LANGUAGE_STANDARD = gnu11;
				GCC_DYNAMIC_NO_PIC = NO;
				GCC_NO_COMMON_BLOCKS = YES;
				GCC_OPTIMIZATION_LEVEL = 0;
				GCC_PREPROCESSOR_DEFINITIONS = (
					"DEBUG=1",
					"$(inherited)",
				);
				GCC_WARN_64_TO_32_BIT_CONVERSION = YES;
				GCC_WARN_ABOUT_RETURN_TYPE = YES_ERROR;
				GCC_WARN_UNDECLARED_SELECTOR = YES;
				GCC_WARN_UNINITIALIZED_AUTOS = YES_AGGRESSIVE;
				GCC_WARN_UNUSED_FUNCTION = YES;
				GCC_WARN_UNUSED_VARIABLE = YES;
				IPHONEOS_DEPLOYMENT_TARGET = 12.2;
				MTL_ENABLE_DEBUG_INFO = INCLUDE_SOURCE;
				MTL_FAST_MATH = YES;
				ONLY_ACTIVE_ARCH = YES;
				SDKROOT = iphoneos;
				SWIFT_ACTIVE_COMPILATION_CONDITIONS = DEBUG;
				SWIFT_OPTIMIZATION_LEVEL = "-Onone";
			};
			name = Debug;
		};
		90CB6AEF229C1A78006B4602 /* Release */ = {
			isa = XCBuildConfiguration;
			buildSettings = {
				ALWAYS_SEARCH_USER_PATHS = NO;
				CLANG_ANALYZER_NONNULL = YES;
				CLANG_ANALYZER_NUMBER_OBJECT_CONVERSION = YES_AGGRESSIVE;
				CLANG_CXX_LANGUAGE_STANDARD = "gnu++14";
				CLANG_CXX_LIBRARY = "libc++";
				CLANG_ENABLE_MODULES = YES;
				CLANG_ENABLE_OBJC_ARC = YES;
				CLANG_ENABLE_OBJC_WEAK = YES;
				CLANG_WARN_BLOCK_CAPTURE_AUTORELEASING = YES;
				CLANG_WARN_BOOL_CONVERSION = YES;
				CLANG_WARN_COMMA = YES;
				CLANG_WARN_CONSTANT_CONVERSION = YES;
				CLANG_WARN_DEPRECATED_OBJC_IMPLEMENTATIONS = YES;
				CLANG_WARN_DIRECT_OBJC_ISA_USAGE = YES_ERROR;
				CLANG_WARN_DOCUMENTATION_COMMENTS = YES;
				CLANG_WARN_EMPTY_BODY = YES;
				CLANG_WARN_ENUM_CONVERSION = YES;
				CLANG_WARN_INFINITE_RECURSION = YES;
				CLANG_WARN_INT_CONVERSION = YES;
				CLANG_WARN_NON_LITERAL_NULL_CONVERSION = YES;
				CLANG_WARN_OBJC_IMPLICIT_RETAIN_SELF = YES;
				CLANG_WARN_OBJC_LITERAL_CONVERSION = YES;
				CLANG_WARN_OBJC_ROOT_CLASS = YES_ERROR;
				CLANG_WARN_RANGE_LOOP_ANALYSIS = YES;
				CLANG_WARN_STRICT_PROTOTYPES = YES;
				CLANG_WARN_SUSPICIOUS_MOVE = YES;
				CLANG_WARN_UNGUARDED_AVAILABILITY = YES_AGGRESSIVE;
				CLANG_WARN_UNREACHABLE_CODE = YES;
				CLANG_WARN__DUPLICATE_METHOD_MATCH = YES;
				CODE_SIGN_IDENTITY = "iPhone Developer";
				COPY_PHASE_STRIP = NO;
				DEBUG_INFORMATION_FORMAT = "dwarf-with-dsym";
				ENABLE_NS_ASSERTIONS = NO;
				ENABLE_STRICT_OBJC_MSGSEND = YES;
				GCC_C_LANGUAGE_STANDARD = gnu11;
				GCC_NO_COMMON_BLOCKS = YES;
				GCC_WARN_64_TO_32_BIT_CONVERSION = YES;
				GCC_WARN_ABOUT_RETURN_TYPE = YES_ERROR;
				GCC_WARN_UNDECLARED_SELECTOR = YES;
				GCC_WARN_UNINITIALIZED_AUTOS = YES_AGGRESSIVE;
				GCC_WARN_UNUSED_FUNCTION = YES;
				GCC_WARN_UNUSED_VARIABLE = YES;
				IPHONEOS_DEPLOYMENT_TARGET = 12.2;
				MTL_ENABLE_DEBUG_INFO = NO;
				MTL_FAST_MATH = YES;
				SDKROOT = iphoneos;
				SWIFT_COMPILATION_MODE = wholemodule;
				SWIFT_OPTIMIZATION_LEVEL = "-O";
				VALIDATE_PRODUCT = YES;
			};
			name = Release;
		};
		90CB6AF1229C1A78006B4602 /* Debug */ = {
			isa = XCBuildConfiguration;
			buildSettings = {
				ASSETCATALOG_COMPILER_APPICON_NAME = AppIcon;
				CODE_SIGN_STYLE = Manual;
				DEVELOPMENT_TEAM = "";
				INFOPLIST_FILE = RedditPics/Support/Info.plist;
				LD_RUNPATH_SEARCH_PATHS = (
					"$(inherited)",
					"@executable_path/Frameworks",
				);
				PRODUCT_BUNDLE_IDENTIFIER = com.honeywell.RedditPics;
				PRODUCT_NAME = "$(TARGET_NAME)";
				PROVISIONING_PROFILE_SPECIFIER = "";
				SWIFT_VERSION = 5.0;
				TARGETED_DEVICE_FAMILY = "1,2";
			};
			name = Debug;
		};
		90CB6AF2229C1A78006B4602 /* Release */ = {
			isa = XCBuildConfiguration;
			buildSettings = {
				ASSETCATALOG_COMPILER_APPICON_NAME = AppIcon;
				CODE_SIGN_STYLE = Manual;
				DEVELOPMENT_TEAM = "";
				INFOPLIST_FILE = RedditPics/Support/Info.plist;
				LD_RUNPATH_SEARCH_PATHS = (
					"$(inherited)",
					"@executable_path/Frameworks",
				);
				PRODUCT_BUNDLE_IDENTIFIER = com.honeywell.RedditPics;
				PRODUCT_NAME = "$(TARGET_NAME)";
				PROVISIONING_PROFILE_SPECIFIER = "";
				SWIFT_VERSION = 5.0;
				TARGETED_DEVICE_FAMILY = "1,2";
			};
			name = Release;
		};
/* End XCBuildConfiguration section */

/* Begin XCConfigurationList section */
		90CB6AD9229C1A76006B4602 /* Build configuration list for PBXProject "RedditPics" */ = {
			isa = XCConfigurationList;
			buildConfigurations = (
				90CB6AEE229C1A78006B4602 /* Debug */,
				90CB6AEF229C1A78006B4602 /* Release */,
			);
			defaultConfigurationIsVisible = 0;
			defaultConfigurationName = Release;
		};
		90CB6AF0229C1A78006B4602 /* Build configuration list for PBXNativeTarget "RedditPics" */ = {
			isa = XCConfigurationList;
			buildConfigurations = (
				90CB6AF1229C1A78006B4602 /* Debug */,
				90CB6AF2229C1A78006B4602 /* Release */,
			);
			defaultConfigurationIsVisible = 0;
			defaultConfigurationName = Release;
		};
/* End XCConfigurationList section */
	};
	rootObject = 90CB6AD6229C1A76006B4602 /* Project object */;
}
